github.com/simplex-chat/test-simplex-server v0.1.0 h1:AD1nIAj79YxMws5aGpCFD2aGIuckTkCpGoo0F/7KSSs=
github.com/simplex-chat/test-simplex-server v0.1.0/go.mod h1:GfM2m0Nh4j9DdtXcFkhDya+arm263u5gunDs/c0c0ao=
github.com/simplex-chat/test-simplex-server v0.1.1 h1:BcS+DVuJgVmmFvjr5fhfWEQCmmSWQrCqCBG3UQPKFEU=
github.com/simplex-chat/test-simplex-server v0.1.1/go.mod h1:GfM2m0Nh4j9DdtXcFkhDya+arm263u5gunDs/c0c0ao=
